lockfileVersion: '6.0'

settings:
  autoInstallPeers: true
  excludeLinksFromLockfile: false

dependencies:
  markdown-as-code:
    specifier: file:..
    version: file:..

packages:

  /change-case@5.1.2:
    resolution: {integrity: sha512-CAtbGEDulyjzs05RXy3uKcwqeztz/dMEuAc1Xu9NQBsbrhuGMneL0u9Dj5SoutLKBFYun8txxYIwhjtLNfUmCA==}
    dev: false

  file:..:
    resolution: {directory: .., type: directory}
    name: markdown-as-code
    engines: {node: '>= 18.0.0'}
    dependencies:
      change-case: 5.1.2
    dev: false
